
Microsoft Visual Studio Solution File, Format Version 12.00
# Visual Studio Version 17
VisualStudioVersion = 17.2.32616.157
MinimumVisualStudioVersion = 10.0.40219.1
Project("{FAE04EC0-301F-11D3-BF4B-00C04F79EFBC}") = "RustdeskServerAPI", "RustdeskServerAPI\RustdeskServerAPI.csproj", "{6E0B039E-9640-4F98-88EE-B119E2673148}"
EndProject
Global
	GlobalSection(SolutionConfigurationPlatforms) = preSolution
		Debug|Any CPU = Debug|Any CPU
		Release|Any CPU = Release|Any CPU
	EndGlobalSection
	GlobalSection(ProjectConfigurationPlatforms) = postSolution
		{6E0B039E-9640-4F98-88EE-B119E2673148}.Debug|Any CPU.ActiveCfg = Debug|Any CPU
		{6E0B039E-9640-4F98-88EE-B119E2673148}.Debug|Any CPU.Build.0 = Debug|Any CPU
		{6E0B039E-9640-4F98-88EE-B119E2673148}.Release|Any CPU.ActiveCfg = Release|Any CPU
		{6E0B039E-9640-4F98-88EE-B119E2673148}.Release|Any CPU.Build.0 = Release|Any CPU
	EndGlobalSection
	GlobalSection(SolutionProperties) = preSolution
		HideSolutionNode = FALSE
	EndGlobalSection
	GlobalSection(ExtensibilityGlobals) = postSolution
		SolutionGuid = {D4AB5CB2-BA9B-4E03-8120-622AD119FCD4}
	EndGlobalSection
EndGlobal
